
Microsoft Visual Studio Solution File, Format Version 12.00
# Visual Studio 2012
Project("{FAE04EC0-301F-11D3-BF4B-00C04F79EFBC}") = "FutabaScraper", "FutabaScraper\FutabaScraper.csproj", "{CF8AF6B6-6D11-4704-A850-D6236CB9B59E}"
EndProject
Project("{FAE04EC0-301F-11D3-BF4B-00C04F79EFBC}") = "FutabaScraperTest", "FutabaScraperTest\FutabaScraperTest.csproj", "{3F29CC60-D6A1-4304-90D4-497036A17965}"
EndProject
Global
	GlobalSection(SolutionConfigurationPlatforms) = preSolution
		Debug|Any CPU = Debug|Any CPU
		Release|Any CPU = Release|Any CPU
	EndGlobalSection
	GlobalSection(ProjectConfigurationPlatforms) = postSolution
		{CF8AF6B6-6D11-4704-A850-D6236CB9B59E}.Debug|Any CPU.ActiveCfg = Debug|Any CPU
		{CF8AF6B6-6D11-4704-A850-D6236CB9B59E}.Debug|Any CPU.Build.0 = Debug|Any CPU
		{CF8AF6B6-6D11-4704-A850-D6236CB9B59E}.Release|Any CPU.ActiveCfg = Release|Any CPU
		{CF8AF6B6-6D11-4704-A850-D6236CB9B59E}.Release|Any CPU.Build.0 = Release|Any CPU
		{3F29CC60-D6A1-4304-90D4-497036A17965}.Debug|Any CPU.ActiveCfg = Debug|Any CPU
		{3F29CC60-D6A1-4304-90D4-497036A17965}.Debug|Any CPU.Build.0 = Debug|Any CPU
		{3F29CC60-D6A1-4304-90D4-497036A17965}.Release|Any CPU.ActiveCfg = Release|Any CPU
		{3F29CC60-D6A1-4304-90D4-497036A17965}.Release|Any CPU.Build.0 = Release|Any CPU
	EndGlobalSection
EndGlobal
